github.com/StackExchange/wmi v0.0.0-20210224194228-fe8f1750fd46 h1:5sXbqlSomvdjlRbWyNqkPsJ3Fg+tQZCbgeX1VGljbQY=
github.com/StackExchange/wmi v0.0.0-20210224194228-fe8f1750fd46/go.mod h1:3eOhrUMpNV+6aFIbp5/iudMxNCF27Vw2OZgy4xEx0Fg=
github.com/biter777/antideb v0.0.0-20210302101423-04cfca7fa0b3 h1:uCLQ4X8FFLnYEfEjHNsuksmvOhN6rvkllSAqoe+ZcaI=
github.com/biter777/antideb v0.0.0-20210302101423-04cfca7fa0b3/go.mod h1:zk7tfpb0YjDsDVGOx+Sm049heY66N0EvSeC1DN4knls=
github.com/biter777/processex v0.0.0-20210102170504-01bb369eda71 h1:SYKMUQEyuugaw68KtUlL1MpH36o2QL3ug93/y5Cye60=
github.com/biter777/processex v0.0.0-20210102170504-01bb369eda71/go.mod h1:3+wMnZWvewiNQL4PP4vEXiN1LgRlL4SXgWhj2fNMmeI=
github.com/go-ole/go-ole v1.2.5 h1:t4MGB5xEDZvXI+0rMjjsfBsD7yAgp/s9ZDkL1JndXwY=
github.com/go-ole/go-ole v1.2.5/go.mod h1:pprOEPIfldk/42T2oK7lQ4v4JSDwmV0As9GaiUsvbm0=
github.com/mitchellh/go-ps v1.0.0 h1:i6ampVEEF4wQFF+bkYfwYgY+F/uYJDktmvLPf7qIgjc=
github.com/mitchellh/go-ps v1.0.0/go.mod h1:J4lOc8z8yJs6vUwklHw2XEIiT4z4C40KtWVN3nvg8Pg=
github.com/p3tr0v/chacal v0.0.0-20210626161302-fdb5e480cd13 h1:zKKu6QZ9lmukKi5/rRPs7kaWd0Z6za0Iy2HV7CSsJ5I=
github.com/p3tr0v/chacal v0.0.0-20210626161302-fdb5e480cd13/go.mod h1:g18SsuHNjyGlFALVXzh8jrj9AyzIHWb+n30qI65NSJQ=
golang.org/x/sys v0.0.0-20190916202348-b4ddaad3f8a3/go.mod h1:h1NjWce9XRLGQEsW7wpKNCjG9DtNlClVuFLEZdDNbEs=
golang.org/x/sys v0.0.0-20220406163625-3f8b81556e12 h1:QyVthZKMsyaQwBTJE04jdNN0Pp5Fn9Qga0mrgxyERQM=
golang.org/x/sys v0.0.0-20220406163625-3f8b81556e12/go.mod h1:oPkhp1MJrh7nUepCBck5+mAzfO9JrbApNNgaTdGDITg=
golang.org/x/sys v0.1.0 h1:kunALQeHf1/185U1i0GOB/fy1IPRDDpuoOOqRReG57U=
golang.org/x/sys v0.1.0/go.mod h1:oPkhp1MJrh7nUepCBck5+mAzfO9JrbApNNgaTdGDITg=
